<?xml version="1.0" encoding="UTF-8"?>
<CONFIG>
  <ProjectOptions>
    <Version Value="12"/>
    <PathDelim Value="\"/>
    <General>
      <Flags>
        <MainUnitHasCreateFormStatements Value="False"/>
        <MainUnitHasTitleStatement Value="False"/>
        <MainUnitHasScaledStatement Value="False"/>
      </Flags>
      <SessionStorage Value="InProjectDir"/>
      <Title Value="biosim"/>
      <UseAppBundle Value="False"/>
      <ResourceType Value="res"/>
    </General>
    <BuildModes>
      <Item Name="Default" Default="True"/>
    </BuildModes>
    <PublishOptions>
      <Version Value="2"/>
      <UseFileFilters Value="True"/>
    </PublishOptions>
    <RunParams>
      <FormatVersion Value="2"/>
    </RunParams>
    <RequiredPackages>
      <Item>
        <PackageName Value="multithreadprocslaz"/>
      </Item>
      <Item>
        <PackageName Value="LCL"/>
      </Item>
      <Item>
        <PackageName Value="LCLBase"/>
      </Item>
    </RequiredPackages>
    <Units>
      <Unit>
        <Filename Value="biosim.lpr"/>
        <IsPartOfProject Value="True"/>
      </Unit>
      <Unit>
        <Filename Value="usensoractions.pas"/>
        <IsPartOfProject Value="True"/>
      </Unit>
      <Unit>
        <Filename Value="uanalysis.pas"/>
        <IsPartOfProject Value="True"/>
      </Unit>
      <Unit>
        <Filename Value="c_types.inc"/>
        <IsPartOfProject Value="True"/>
      </Unit>
      <Unit>
        <Filename Value="urandom.pas"/>
        <IsPartOfProject Value="True"/>
      </Unit>
      <Unit>
        <Filename Value="ugrid.pas"/>
        <IsPartOfProject Value="True"/>
      </Unit>
      <Unit>
        <Filename Value="usignals.pas"/>
        <IsPartOfProject Value="True"/>
      </Unit>
      <Unit>
        <Filename Value="upeeps.pas"/>
        <IsPartOfProject Value="True"/>
      </Unit>
      <Unit>
        <Filename Value="uindiv.pas"/>
        <IsPartOfProject Value="True"/>
      </Unit>
      <Unit>
        <Filename Value="ugenome.pas"/>
        <IsPartOfProject Value="True"/>
      </Unit>
      <Unit>
        <Filename Value="uomp.pas"/>
        <IsPartOfProject Value="True"/>
      </Unit>
      <Unit>
        <Filename Value="uspawnnewgeneration.pas"/>
        <IsPartOfProject Value="True"/>
        <UnitName Value="uspawnNewGeneration"/>
      </Unit>
      <Unit>
        <Filename Value="uexecuteactions.pas"/>
        <IsPartOfProject Value="True"/>
        <UnitName Value="uexecuteActions"/>
      </Unit>
      <Unit>
        <Filename Value="uendofsimstep.pas"/>
        <IsPartOfProject Value="True"/>
        <UnitName Value="uEndOfSimStep"/>
      </Unit>
      <Unit>
        <Filename Value="uimagewriter.pas"/>
        <IsPartOfProject Value="True"/>
        <UnitName Value="uImageWriter"/>
      </Unit>
      <Unit>
        <Filename Value="uendofgeneration.pas"/>
        <IsPartOfProject Value="True"/>
        <UnitName Value="uEndOfGeneration"/>
      </Unit>
      <Unit>
        <Filename Value="uunittests.pas"/>
        <IsPartOfProject Value="True"/>
        <UnitName Value="uUnittests"/>
      </Unit>
      <Unit>
        <Filename Value="..\Sample\DatenSteuerung\ufifo.pas"/>
        <IsPartOfProject Value="True"/>
      </Unit>
      <Unit>
        <Filename Value="usimulator.pas"/>
        <IsPartOfProject Value="True"/>
        <UnitName Value="uSimulator"/>
      </Unit>
      <Unit>
        <Filename Value="uparams.pas"/>
        <IsPartOfProject Value="True"/>
      </Unit>
      <Unit>
        <Filename Value="ubasictypes.pas"/>
        <IsPartOfProject Value="True"/>
        <UnitName Value="ubasicTypes"/>
      </Unit>
      <Unit>
        <Filename Value="biosim4.ini"/>
        <IsPartOfProject Value="True"/>
      </Unit>
      <Unit>
        <Filename Value="..\Sample\Graphik\ugwavi.pas"/>
        <IsPartOfProject Value="True"/>
      </Unit>
      <Unit>
        <Filename Value="..\Sample\Graphik\usimplechart.pas"/>
        <IsPartOfProject Value="True"/>
      </Unit>
      <Unit>
        <Filename Value="uvectormath.inc"/>
        <IsPartOfProject Value="True"/>
      </Unit>
      <Unit>
        <Filename Value="biosim_deterministic0.ini"/>
        <IsPartOfProject Value="True"/>
      </Unit>
      <Unit>
        <Filename Value="..\Sample\DatenSteuerung\uvectormath.pas"/>
        <IsPartOfProject Value="True"/>
      </Unit>
    </Units>
  </ProjectOptions>
  <CompilerOptions>
    <Version Value="11"/>
    <PathDelim Value="\"/>
    <Target>
      <Filename Value="biosim"/>
    </Target>
    <SearchPaths>
      <IncludeFiles Value="$(ProjOutDir)"/>
      <OtherUnitFiles Value="..\Sample\DatenSteuerung;..\Sample\Graphik"/>
      <UnitOutputDirectory Value="lib\$(TargetCPU)-$(TargetOS)"/>
    </SearchPaths>
  </CompilerOptions>
  <Debugging>
    <Exceptions>
      <Item>
        <Name Value="EAbort"/>
      </Item>
      <Item>
        <Name Value="ECodetoolError"/>
      </Item>
      <Item>
        <Name Value="EFOpenError"/>
      </Item>
      <Item>
        <Name Value="EConvertError"/>
      </Item>
    </Exceptions>
  </Debugging>
</CONFIG>
